
Microsoft Visual Studio Solution File, Format Version 12.00
# Visual Studio 2012
Project("{FAE04EC0-301F-11D3-BF4B-00C04F79EFBC}") = "TennisScoreKeeper", "TennisScoreKeeper.csproj", "{12512099-E57B-4389-8309-ABEA193A3E5B}"
EndProject
Project("{2150E333-8FDC-42A3-9474-1A3956D46DE8}") = "Tools", "Tools", "{8F873B49-301A-4DEB-B11B-1D71FA34D591}"
	ProjectSection(SolutionItems) = preProject
		..\..\Tools\GoogleClosureCompiler\ClosureCompilerUrl.txt = ..\..\Tools\GoogleClosureCompiler\ClosureCompilerUrl.txt
		..\..\Tools\GoogleClosureCompiler\h_tsk_compile.def.js = ..\..\Tools\GoogleClosureCompiler\h_tsk_compile.def.js
	EndProjectSection
EndProject
Project("{2150E333-8FDC-42A3-9474-1A3956D46DE8}") = "Build", "Build", "{B23C1D40-27C0-4307-AD20-6FEA453F4F1F}"
	ProjectSection(SolutionItems) = preProject
		..\Builds\h_tsk.js = ..\Builds\h_tsk.js
	EndProjectSection
EndProject
Project("{FAE04EC0-301F-11D3-BF4B-00C04F79EFBC}") = "TennisScoreKeeper.Frontend", "..\TennisScoreKeeper.Frontend\TennisScoreKeeper.Frontend.csproj", "{A824804B-AEE3-48EC-9D37-E17642ED7172}"
EndProject
Project("{FAE04EC0-301F-11D3-BF4B-00C04F79EFBC}") = "TennisScoreKeeper.Backend", "..\TennisScoreKeeper.Backend\TennisScoreKeeper.Backend.csproj", "{8BCE9E2F-75F0-4803-B0AB-CC0DB818E7C4}"
EndProject
Project("{FAE04EC0-301F-11D3-BF4B-00C04F79EFBC}") = "TennisScoreKeeper.Data", "..\TennisScoreKeeper.Data\TennisScoreKeeper.Data.csproj", "{C789E282-1FD0-45A1-829A-EE74AF52CBAE}"
EndProject
Global
	GlobalSection(SolutionConfigurationPlatforms) = preSolution
		Debug|Any CPU = Debug|Any CPU
		Release|Any CPU = Release|Any CPU
	EndGlobalSection
	GlobalSection(ProjectConfigurationPlatforms) = postSolution
		{12512099-E57B-4389-8309-ABEA193A3E5B}.Debug|Any CPU.ActiveCfg = Debug|Any CPU
		{12512099-E57B-4389-8309-ABEA193A3E5B}.Debug|Any CPU.Build.0 = Debug|Any CPU
		{12512099-E57B-4389-8309-ABEA193A3E5B}.Release|Any CPU.ActiveCfg = Release|Any CPU
		{12512099-E57B-4389-8309-ABEA193A3E5B}.Release|Any CPU.Build.0 = Release|Any CPU
		{A824804B-AEE3-48EC-9D37-E17642ED7172}.Debug|Any CPU.ActiveCfg = Debug|Any CPU
		{A824804B-AEE3-48EC-9D37-E17642ED7172}.Debug|Any CPU.Build.0 = Debug|Any CPU
		{A824804B-AEE3-48EC-9D37-E17642ED7172}.Release|Any CPU.ActiveCfg = Release|Any CPU
		{A824804B-AEE3-48EC-9D37-E17642ED7172}.Release|Any CPU.Build.0 = Release|Any CPU
		{8BCE9E2F-75F0-4803-B0AB-CC0DB818E7C4}.Debug|Any CPU.ActiveCfg = Debug|Any CPU
		{8BCE9E2F-75F0-4803-B0AB-CC0DB818E7C4}.Debug|Any CPU.Build.0 = Debug|Any CPU
		{8BCE9E2F-75F0-4803-B0AB-CC0DB818E7C4}.Release|Any CPU.ActiveCfg = Release|Any CPU
		{8BCE9E2F-75F0-4803-B0AB-CC0DB818E7C4}.Release|Any CPU.Build.0 = Release|Any CPU
		{C789E282-1FD0-45A1-829A-EE74AF52CBAE}.Debug|Any CPU.ActiveCfg = Debug|Any CPU
		{C789E282-1FD0-45A1-829A-EE74AF52CBAE}.Debug|Any CPU.Build.0 = Debug|Any CPU
		{C789E282-1FD0-45A1-829A-EE74AF52CBAE}.Release|Any CPU.ActiveCfg = Release|Any CPU
		{C789E282-1FD0-45A1-829A-EE74AF52CBAE}.Release|Any CPU.Build.0 = Release|Any CPU
	EndGlobalSection
	GlobalSection(SolutionProperties) = preSolution
		HideSolutionNode = FALSE
	EndGlobalSection
EndGlobal
